
Microsoft Visual Studio Solution File, Format Version 12.00
# Visual Studio Version 17
VisualStudioVersion = 17.9.34616.47
MinimumVisualStudioVersion = 10.0.40219.1
Project("{FAE04EC0-301F-11D3-BF4B-00C04F79EFBC}") = "MinimalApi and S3 AWS", "MinimalApi and S3 AWS\MinimalApi and S3 AWS.csproj", "{D0A83836-0A67-406D-91CC-CF9F16B96B43}"
EndProject
Global
	GlobalSection(SolutionConfigurationPlatforms) = preSolution
		Debug|Any CPU = Debug|Any CPU
		Release|Any CPU = Release|Any CPU
	EndGlobalSection
	GlobalSection(ProjectConfigurationPlatforms) = postSolution
		{D0A83836-0A67-406D-91CC-CF9F16B96B43}.Debug|Any CPU.ActiveCfg = Debug|Any CPU
		{D0A83836-0A67-406D-91CC-CF9F16B96B43}.Debug|Any CPU.Build.0 = Debug|Any CPU
		{D0A83836-0A67-406D-91CC-CF9F16B96B43}.Release|Any CPU.ActiveCfg = Release|Any CPU
		{D0A83836-0A67-406D-91CC-CF9F16B96B43}.Release|Any CPU.Build.0 = Release|Any CPU
	EndGlobalSection
	GlobalSection(SolutionProperties) = preSolution
		HideSolutionNode = FALSE
	EndGlobalSection
	GlobalSection(ExtensibilityGlobals) = postSolution
		SolutionGuid = {42D6E789-7F03-4ABA-8598-E7E4CA7BC098}
	EndGlobalSection
EndGlobal
